
Microsoft Visual Studio Solution File, Format Version 12.00
# Visual Studio 15
VisualStudioVersion = 15.0.26124.0
MinimumVisualStudioVersion = 15.0.26124.0
Project("{FAE04EC0-301F-11D3-BF4B-00C04F79EFBC}") = "WebApi", "WebApi\WebApi.csproj", "{1AF132D1-F42F-488E-8284-31099F635F41}"
EndProject
Project("{FAE04EC0-301F-11D3-BF4B-00C04F79EFBC}") = "WebApi.UnitTests", "WebApi.UnitTests\WebApi.UnitTests.csproj", "{BCBDFB5B-8D55-41CC-BC65-DC88509FA991}"
EndProject
Global
	GlobalSection(SolutionConfigurationPlatforms) = preSolution
		Debug|Any CPU = Debug|Any CPU
		Debug|x64 = Debug|x64
		Debug|x86 = Debug|x86
		Release|Any CPU = Release|Any CPU
		Release|x64 = Release|x64
		Release|x86 = Release|x86
	EndGlobalSection
	GlobalSection(SolutionProperties) = preSolution
		HideSolutionNode = FALSE
	EndGlobalSection
	GlobalSection(ProjectConfigurationPlatforms) = postSolution
		{1AF132D1-F42F-488E-8284-31099F635F41}.Debug|Any CPU.ActiveCfg = Debug|Any CPU
		{1AF132D1-F42F-488E-8284-31099F635F41}.Debug|Any CPU.Build.0 = Debug|Any CPU
		{1AF132D1-F42F-488E-8284-31099F635F41}.Debug|x64.ActiveCfg = Debug|Any CPU
		{1AF132D1-F42F-488E-8284-31099F635F41}.Debug|x64.Build.0 = Debug|Any CPU
		{1AF132D1-F42F-488E-8284-31099F635F41}.Debug|x86.ActiveCfg = Debug|Any CPU
		{1AF132D1-F42F-488E-8284-31099F635F41}.Debug|x86.Build.0 = Debug|Any CPU
		{1AF132D1-F42F-488E-8284-31099F635F41}.Release|Any CPU.ActiveCfg = Release|Any CPU
		{1AF132D1-F42F-488E-8284-31099F635F41}.Release|Any CPU.Build.0 = Release|Any CPU
		{1AF132D1-F42F-488E-8284-31099F635F41}.Release|x64.ActiveCfg = Release|Any CPU
		{1AF132D1-F42F-488E-8284-31099F635F41}.Release|x64.Build.0 = Release|Any CPU
		{1AF132D1-F42F-488E-8284-31099F635F41}.Release|x86.ActiveCfg = Release|Any CPU
		{1AF132D1-F42F-488E-8284-31099F635F41}.Release|x86.Build.0 = Release|Any CPU
		{BCBDFB5B-8D55-41CC-BC65-DC88509FA991}.Debug|Any CPU.ActiveCfg = Debug|Any CPU
		{BCBDFB5B-8D55-41CC-BC65-DC88509FA991}.Debug|Any CPU.Build.0 = Debug|Any CPU
		{BCBDFB5B-8D55-41CC-BC65-DC88509FA991}.Debug|x64.ActiveCfg = Debug|Any CPU
		{BCBDFB5B-8D55-41CC-BC65-DC88509FA991}.Debug|x64.Build.0 = Debug|Any CPU
		{BCBDFB5B-8D55-41CC-BC65-DC88509FA991}.Debug|x86.ActiveCfg = Debug|Any CPU
		{BCBDFB5B-8D55-41CC-BC65-DC88509FA991}.Debug|x86.Build.0 = Debug|Any CPU
		{BCBDFB5B-8D55-41CC-BC65-DC88509FA991}.Release|Any CPU.ActiveCfg = Release|Any CPU
		{BCBDFB5B-8D55-41CC-BC65-DC88509FA991}.Release|Any CPU.Build.0 = Release|Any CPU
		{BCBDFB5B-8D55-41CC-BC65-DC88509FA991}.Release|x64.ActiveCfg = Release|Any CPU
		{BCBDFB5B-8D55-41CC-BC65-DC88509FA991}.Release|x64.Build.0 = Release|Any CPU
		{BCBDFB5B-8D55-41CC-BC65-DC88509FA991}.Release|x86.ActiveCfg = Release|Any CPU
		{BCBDFB5B-8D55-41CC-BC65-DC88509FA991}.Release|x86.Build.0 = Release|Any CPU
	EndGlobalSection
EndGlobal
